
Microsoft Visual Studio Solution File, Format Version 12.00
# Visual Studio 15
VisualStudioVersion = 15.0.28307.168
MinimumVisualStudioVersion = 10.0.40219.1
Project("{FAE04EC0-301F-11D3-BF4B-00C04F79EFBC}") = "StarMoonValley", "StarMoonValley\StarMoonValley.csproj", "{4D67884A-187A-48CF-A24A-F0916A127796}"
EndProject
Global
	GlobalSection(SolutionConfigurationPlatforms) = preSolution
		Debug|Any CPU = Debug|Any CPU
		Release|Any CPU = Release|Any CPU
	EndGlobalSection
	GlobalSection(ProjectConfigurationPlatforms) = postSolution
		{4D67884A-187A-48CF-A24A-F0916A127796}.Debug|Any CPU.ActiveCfg = Debug|Any CPU
		{4D67884A-187A-48CF-A24A-F0916A127796}.Debug|Any CPU.Build.0 = Debug|Any CPU
		{4D67884A-187A-48CF-A24A-F0916A127796}.Release|Any CPU.ActiveCfg = Release|Any CPU
		{4D67884A-187A-48CF-A24A-F0916A127796}.Release|Any CPU.Build.0 = Release|Any CPU
	EndGlobalSection
	GlobalSection(SolutionProperties) = preSolution
		HideSolutionNode = FALSE
	EndGlobalSection
	GlobalSection(ExtensibilityGlobals) = postSolution
		SolutionGuid = {C5E42CFA-547F-4687-975C-98CEC493CFF1}
	EndGlobalSection
EndGlobal
